{
  "version": 4,
  "terraform_version": "1.15.3",
  "serial": 912,
  "lineage": "640a60e5-dd74-fac5-65f3-fde772173d94",
  "outputs": {
    "alb_public_ip": {
      "value": "84.252.140.233",
      "type": "string"
    }
  },
  "resources": [
    {
      "mode": "data",
      "type": "yandex_compute_image",
      "name": "ubuntu",
      "provider": "provider[\"registry.terraform.io/yandex-cloud/yandex\"]",
      "instances": [
        {
          "schema_version": 0,
          "attributes": {
            "created_at": "2026-05-11T11:24:30Z",
            "description": "Ubuntu 22.04 lts v20260508124701",
            "family": "ubuntu-2204-lts",
            "folder_id": "standard-images",
            "hardware_generation": [
              {
                "generation2_features": [],
                "legacy_features": [
                  {
                    "pci_topology": "PCI_TOPOLOGY_V2"
                  }
                ]
              }
            ],
            "id": "fd8fc3q8qr0cgjqk2v94",
            "image_id": "fd8fc3q8qr0cgjqk2v94",
            "kms_key_id": null,
            "labels": {
              "version": "20260508124701",
              "x-hopper-operation-id": "d9phucb91tdobnpvn4jo",
              "x-hopper-source-image-id": "fd8jl8sv6p6cutaficg4"
            },
            "min_disk_size": 8,
            "name": "ubuntu-22-04-lts-v20260511",
            "os_type": "linux",
            "pooled": true,
            "product_ids": [
              "f2eejubg1dqkj60mpps5"
            ],
            "size": 3,
            "status": "ready"
          },
          "sensitive_attributes": [],
          "identity_schema_version": 0
        }
      ]
    },
    {
      "mode": "managed",
      "type": "local_file",
      "name": "ansible_inventory",
      "provider": "provider[\"registry.terraform.io/hashicorp/local\"]",
      "instances": [
        {
          "schema_version": 0,
          "attributes": {
            "content": "all:\r\n  children:\r\n    web_servers:\r\n      hosts:\r\n        web-server-1.ru-central1.internal:\r\n        web-server-2.ru-central1.internal:\r\n    zabbix_servers:\r\n      hosts:\r\n        zabbix-server.ru-central1.internal:\r\n    kibana_servers:\r\n      hosts:\r\n        kibana-server.ru-central1.internal:\r\n    elasticsearch_servers:\r\n      hosts:\r\n        elasticsearch-server.ru-central1.internal:\r\n  vars:\r\n    ansible_ssh_user: ubuntu\r\n    ansible_ssh_private_key_file: ~/.ssh/id_rsa",
            "content_base64": null,
            "content_base64sha256": "KrHqNQJ52XE2uwgB6xKnL0verYkY/cz5WMJRdKpiEN0=",
            "content_base64sha512": "Qm7sCXXTbe8+qn+tMGSjv/JMYgjwbn+6TQDUXuayuzrzZZ8yn2RfgbShkXazPBbTAUoOu3ScbasuAj3QiNmaPQ==",
            "content_md5": "91d70a06168d413f43da3fd7986e85c8",
            "content_sha1": "325aae595f1af32148a3b940cf0e78bb5430f303",
            "content_sha256": "2ab1ea350279d97136bb0801eb12a72f4bdead8918fdccf958c25174aa6210dd",
            "content_sha512": "426eec0975d36def3eaa7fad3064a3bff24c6208f06e7fba4d00d45ee6b2bb3af3659f329f645f81b4a19176b33c16d3014a0ebb749c6dab2e023dd088d99a3d",
            "directory_permission": "0777",
            "file_permission": "0777",
            "filename": "./../ansible/inventory.yml",
            "id": "325aae595f1af32148a3b940cf0e78bb5430f303",
            "sensitive_content": null,
            "source": null
          },
          "sensitive_attributes": [
            [
              {
                "type": "get_attr",
                "value": "sensitive_content"
              }
            ]
          ],
          "identity_schema_version": 0,
          "dependencies": [
            "data.yandex_compute_image.ubuntu",
            "yandex_compute_instance.bastion",
            "yandex_compute_instance.elasticsearch",
            "yandex_compute_instance.kibana",
            "yandex_compute_instance.web",
            "yandex_compute_instance.zabbix",
            "yandex_vpc_gateway.nat_gateway",
            "yandex_vpc_network.vpc",
            "yandex_vpc_route_table.private_rt",
            "yandex_vpc_security_group.sg_alb",
            "yandex_vpc_security_group.sg_bastion",
            "yandex_vpc_security_group.sg_elasticsearch",
            "yandex_vpc_security_group.sg_kibana",
            "yandex_vpc_security_group.sg_web",
            "yandex_vpc_security_group.sg_zabbix",
            "yandex_vpc_subnet.private_subnet_a",
            "yandex_vpc_subnet.private_subnet_b",
            "yandex_vpc_subnet.public_subnet_a"
          ]
        }
      ]
    },
    {
      "mode": "managed",
      "type": "yandex_alb_backend_group",
      "name": "web_bg",
      "provider": "provider[\"registry.terraform.io/yandex-cloud/yandex\"]",
      "instances": [
        {
          "schema_version": 0,
          "attributes": {
            "created_at": "2026-05-15T18:25:59Z",
            "description": "",
            "folder_id": "b1gqrqjb1ra1tjpcesuf",
            "grpc_backend": [],
            "http_backend": [
              {
                "healthcheck": [
                  {
                    "grpc_healthcheck": [],
                    "healthcheck_port": 0,
                    "healthy_threshold": 0,
                    "http_healthcheck": [
                      {
                        "expected_statuses": null,
                        "host": "",
                        "http2": false,
                        "path": "/"
                      }
                    ],
                    "interval": "2s",
                    "interval_jitter_percent": 0,
                    "stream_healthcheck": [],
                    "timeout": "1s",
                    "unhealthy_threshold": 0
                  }
                ],
                "http2": false,
                "load_balancing_config": [],
                "name": "web-http-backend",
                "port": 80,
                "storage_bucket": "",
                "target_group_ids": [
                  "ds74pc0edhps64odqfq0"
                ],
                "tls": [],
                "weight": 1
              }
            ],
            "id": "ds7shi59aofvio8pru67",
            "labels": null,
            "name": "web-backend-group",
            "session_affinity": [],
            "stream_backend": [],
            "timeouts": null
          },
          "sensitive_attributes": [],
          "identity_schema_version": 0,
          "private": "eyJlMmJmYjczMC1lY2FhLTExZTYtOGY4OC0zNDM2M2JjN2M0YzAiOnsiY3JlYXRlIjozMDAwMDAwMDAwMDAsImRlbGV0ZSI6MzAwMDAwMDAwMDAwLCJ1cGRhdGUiOjMwMDAwMDAwMDAwMH19",
          "dependencies": [
            "data.yandex_compute_image.ubuntu",
            "yandex_alb_target_group.web_tg",
            "yandex_compute_instance.web",
            "yandex_vpc_gateway.nat_gateway",
            "yandex_vpc_network.vpc",
            "yandex_vpc_route_table.private_rt",
            "yandex_vpc_security_group.sg_alb",
            "yandex_vpc_security_group.sg_bastion",
            "yandex_vpc_security_group.sg_web",
            "yandex_vpc_security_group.sg_zabbix",
            "yandex_vpc_subnet.private_subnet_a",
            "yandex_vpc_subnet.private_subnet_b"
          ]
        }
      ]
    },
    {
      "mode": "managed",
      "type": "yandex_alb_http_router",
      "name": "web_router",
      "provider": "provider[\"registry.terraform.io/yandex-cloud/yandex\"]",
      "instances": [
        {
          "schema_version": 0,
          "attributes": {
            "created_at": "2026-05-15T18:24:33Z",
            "description": "",
            "folder_id": "b1gqrqjb1ra1tjpcesuf",
            "id": "ds7trfo26atvd8buj23j",
            "labels": null,
            "name": "web-http-router",
            "route_options": [],
            "timeouts": null
          },
          "sensitive_attributes": [],
          "identity_schema_version": 0,
          "private": "eyJlMmJmYjczMC1lY2FhLTExZTYtOGY4OC0zNDM2M2JjN2M0YzAiOnsiY3JlYXRlIjozMDAwMDAwMDAwMDAsImRlbGV0ZSI6MzAwMDAwMDAwMDAwLCJ1cGRhdGUiOjMwMDAwMDAwMDAwMH19"
        }
      ]
    },
    {
      "mode": "managed",
      "type": "yandex_alb_load_balancer",
      "name": "web_alb",
      "provider": "provider[\"registry.terraform.io/yandex-cloud/yandex\"]",
      "instances": [
        {
          "schema_version": 0,
          "attributes": {
            "allocation_policy": [
              {
                "location": [
                  {
                    "disable_traffic": false,
                    "subnet_id": "e9bm19sejqf7348j4dlq",
                    "zone_id": "ru-central1-a"
                  }
                ]
              }
            ],
            "allow_zonal_shift": false,
            "auto_scale_policy": [],
            "created_at": "2026-05-15T18:24:39Z",
            "description": "",
            "folder_id": "b1gqrqjb1ra1tjpcesuf",
            "id": "ds78n80cc5io7iv5qn3t",
            "labels": null,
            "listener": [
              {
                "endpoint": [
                  {
                    "address": [
                      {
                        "external_ipv4_address": [
                          {
                            "address": "84.252.140.233"
                          }
                        ],
                        "external_ipv6_address": [],
                        "internal_ipv4_address": []
                      }
                    ],
                    "ports": [
                      80
                    ]
                  }
                ],
                "http": [
                  {
                    "handler": [
                      {
                        "allow_http10": false,
                        "http2_options": [],
                        "http_router_id": "ds7trfo26atvd8buj23j",
                        "rewrite_request_id": false
                      }
                    ],
                    "redirects": []
                  }
                ],
                "name": "web-listener",
                "stream": [],
                "tls": []
              }
            ],
            "log_group_id": "",
            "log_options": [],
            "name": "web-alb",
            "network_id": "enpoll9ot8pjhpiqsqpf",
            "region_id": "",
            "security_group_ids": [
              "enpaq88794of4o8bib6v"
            ],
            "status": "active",
            "timeouts": null
          },
          "sensitive_attributes": [],
          "identity_schema_version": 0,
          "private": "eyJlMmJmYjczMC1lY2FhLTExZTYtOGY4OC0zNDM2M2JjN2M0YzAiOnsiY3JlYXRlIjo2MDAwMDAwMDAwMDAsImRlbGV0ZSI6NjAwMDAwMDAwMDAwLCJ1cGRhdGUiOjYwMDAwMDAwMDAwMH19",
          "dependencies": [
            "yandex_alb_http_router.web_router",
            "yandex_vpc_network.vpc",
            "yandex_vpc_security_group.sg_alb",
            "yandex_vpc_subnet.public_subnet_a"
          ]
        }
      ]
    },
    {
      "mode": "managed",
      "type": "yandex_alb_target_group",
      "name": "web_tg",
      "provider": "provider[\"registry.terraform.io/yandex-cloud/yandex\"]",
      "instances": [
        {
          "schema_version": 0,
          "attributes": {
            "created_at": "2026-05-15T18:25:58Z",
            "description": "",
            "folder_id": "b1gqrqjb1ra1tjpcesuf",
            "id": "ds74pc0edhps64odqfq0",
            "labels": null,
            "name": "web-target-group",
            "target": [
              {
                "ip_address": "192.168.20.26",
                "private_ipv4_address": false,
                "subnet_id": "e9b87p6lrmr6mmtjjqvo"
              },
              {
                "ip_address": "192.168.21.9",
                "private_ipv4_address": false,
                "subnet_id": "e2lcf1dj93jebb6p7c4u"
              }
            ],
            "timeouts": null
          },
          "sensitive_attributes": [],
          "identity_schema_version": 0,
          "private": "eyJlMmJmYjczMC1lY2FhLTExZTYtOGY4OC0zNDM2M2JjN2M0YzAiOnsiY3JlYXRlIjozMDAwMDAwMDAwMDAsImRlbGV0ZSI6MzAwMDAwMDAwMDAwLCJ1cGRhdGUiOjMwMDAwMDAwMDAwMH19",
          "dependencies": [
            "data.yandex_compute_image.ubuntu",
            "yandex_compute_instance.web",
            "yandex_vpc_gateway.nat_gateway",
            "yandex_vpc_network.vpc",
            "yandex_vpc_route_table.private_rt",
            "yandex_vpc_security_group.sg_alb",
            "yandex_vpc_security_group.sg_bastion",
            "yandex_vpc_security_group.sg_web",
            "yandex_vpc_security_group.sg_zabbix",
            "yandex_vpc_subnet.private_subnet_a",
            "yandex_vpc_subnet.private_subnet_b"
          ]
        }
      ]
    },
    {
      "mode": "managed",
      "type": "yandex_alb_virtual_host",
      "name": "web_vhost",
      "provider": "provider[\"registry.terraform.io/yandex-cloud/yandex\"]",
      "instances": [
        {
          "schema_version": 0,
          "attributes": {
            "authority": null,
            "http_router_id": "ds7trfo26atvd8buj23j",
            "id": "ds7trfo26atvd8buj23j/web-virtual-host",
            "modify_request_headers": [],
            "modify_response_headers": [],
            "name": "web-virtual-host",
            "rate_limit": [],
            "route": [
              {
                "disable_security_profile": false,
                "grpc_route": [],
                "http_route": [
                  {
                    "direct_response_action": [],
                    "http_match": [],
                    "http_route_action": [
                      {
                        "auto_host_rewrite": false,
                        "backend_group_id": "ds7shi59aofvio8pru67",
                        "host_rewrite": "",
                        "idle_timeout": "",
                        "prefix_rewrite": "",
                        "rate_limit": [],
                        "regex_rewrite": [],
                        "timeout": "",
                        "upgrade_types": null
                      }
                    ],
                    "redirect_action": []
                  }
                ],
                "name": "web-route",
                "route_options": []
              }
            ],
            "route_options": [],
            "timeouts": null
          },
          "sensitive_attributes": [],
          "identity_schema_version": 0,
          "private": "eyJlMmJmYjczMC1lY2FhLTExZTYtOGY4OC0zNDM2M2JjN2M0YzAiOnsiY3JlYXRlIjozMDAwMDAwMDAwMDAsImRlbGV0ZSI6MzAwMDAwMDAwMDAwLCJ1cGRhdGUiOjMwMDAwMDAwMDAwMH19",
          "dependencies": [
            "data.yandex_compute_image.ubuntu",
            "yandex_alb_backend_group.web_bg",
            "yandex_alb_http_router.web_router",
            "yandex_alb_target_group.web_tg",
            "yandex_compute_instance.web",
            "yandex_vpc_gateway.nat_gateway",
            "yandex_vpc_network.vpc",
            "yandex_vpc_route_table.private_rt",
            "yandex_vpc_security_group.sg_alb",
            "yandex_vpc_security_group.sg_bastion",
            "yandex_vpc_security_group.sg_web",
            "yandex_vpc_security_group.sg_zabbix",
            "yandex_vpc_subnet.private_subnet_a",
            "yandex_vpc_subnet.private_subnet_b"
          ]
        }
      ]
    },
    {
      "mode": "managed",
      "type": "yandex_compute_instance",
      "name": "bastion",
      "provider": "provider[\"registry.terraform.io/yandex-cloud/yandex\"]",
      "instances": [
        {
          "schema_version": 1,
          "attributes": {
            "allow_recreate": null,
            "allow_stopping_for_update": null,
            "boot_disk": [
              {
                "auto_delete": true,
                "device_name": "fhmsh1bj6rsfmjdlunp4",
                "disk_id": "fhmsh1bj6rsfmjdlunp4",
                "initialize_params": [
                  {
                    "block_size": 4096,
                    "description": "",
                    "image_id": "fd8fc3q8qr0cgjqk2v94",
                    "kms_key_id": "",
                    "name": "",
                    "size": 10,
                    "snapshot_id": "",
                    "type": "network-hdd"
                  }
                ],
                "mode": "READ_WRITE"
              }
            ],
            "created_at": "2026-05-15T18:24:38Z",
            "description": "",
            "filesystem": [],
            "folder_id": "b1gqrqjb1ra1tjpcesuf",
            "fqdn": "bastion.ru-central1.internal",
            "gpu_cluster_id": "",
            "hardware_generation": [
              {
                "generation2_features": [],
                "legacy_features": [
                  {
                    "pci_topology": "PCI_TOPOLOGY_V2"
                  }
                ]
              }
            ],
            "hostname": "bastion",
            "id": "fhmspolh21h9m02f9nk4",
            "labels": null,
            "local_disk": [],
            "maintenance_grace_period": "",
            "maintenance_policy": null,
            "metadata": {
              "ssh-keys": "ubuntu:ssh-rsa AAAAB3NzaC1yc2EAAAADAQABAAACAQDFXJ+qRX+SuLf6LQYDsBnHok4M8zSFhW9e4SbHHnCmouBelV9k6ArJpLGi27j+/pARma1oV7OFasvc98egrN2NGZIfhSxRZlAfKufjTv7E0pkXPb+Uwi7vr2BgWwkdKLAFKW1gtlyX0l8gfYneWFACxSlsm1s6xW63mlIUKatU1vyb5J6RF4oJP2kK7ffj5bW3EBcK6LMVlIiToDp02UEu3YPyp2AnatxBbyFNhdflhcOGzExlkAICWFCEEKeett8Z1WYiQZfu6BQD+OxZOWtUIPqKr10DFtwEcpygcCVFMRFh4sayFIAUQoUjXxJVZLYQxJ0L1yFL3HgNq89mqRtNm+gEembF3iMbrpJpZEcwaJNTL6T92yefmzw8CuV0NkHmIjskm/5yTgtYXnMC+ZvP2uNEfO7h38Z0PJdIIDocastyMljgDRLzngYHSktCZiHetcWLwvyfmHsoGe2AOTeRnhsr7QOYXV5SQTBtNEKQbq220dhJB5MWHA+YYqXFaV8SUEMZio2r3o+GEdK4SUh+GFK1jIe5j4Vdcl3lix38qrrsoerxiJ208RU/qD/qfmVbsuaNN52NG2NICKaHDxr6fHKr1dhZLZzzmBNNJS59JSBBlPLyyZHNm2Wq14rTA9V5T/KdssucgNJd9VpI21hI9QM/IGMVONiH+r7lAhgAsw== pavelfedorov84@gmail.com\n"
            },
            "metadata_options": [
              {
                "aws_v1_http_endpoint": 1,
                "aws_v1_http_token": 2,
                "gce_http_endpoint": 1,
                "gce_http_token": 1
              }
            ],
            "name": "bastion",
            "network_acceleration_type": "standard",
            "network_interface": [
              {
                "dns_record": [],
                "index": 0,
                "ip_address": "192.168.10.11",
                "ipv4": true,
                "ipv6": false,
                "ipv6_address": "",
                "ipv6_dns_record": [],
                "mac_address": "d0:0d:1c:ce:2b:11",
                "nat": true,
                "nat_dns_record": [],
                "nat_ip_address": "89.169.132.153",
                "nat_ip_version": "IPV4",
                "security_group_ids": [
                  "enpjq7e5t8u489f0v1dm"
                ],
                "subnet_id": "e9bm19sejqf7348j4dlq"
              }
            ],
            "placement_policy": [
              {
                "host_affinity_rules": [],
                "placement_group_id": "",
                "placement_group_partition": 0
              }
            ],
            "platform_id": "standard-v2",
            "resources": [
              {
                "core_fraction": 20,
                "cores": 2,
                "gpus": 0,
                "memory": 2
              }
            ],
            "scheduling_policy": [
              {
                "preemptible": true
              }
            ],
            "secondary_disk": [],
            "service_account_id": "",
            "status": "running",
            "timeouts": null,
            "zone": "ru-central1-a"
          },
          "sensitive_attributes": [],
          "identity_schema_version": 0,
          "private": "eyJlMmJmYjczMC1lY2FhLTExZTYtOGY4OC0zNDM2M2JjN2M0YzAiOnsiY3JlYXRlIjozMDAwMDAwMDAwMDAsImRlbGV0ZSI6MzAwMDAwMDAwMDAwLCJ1cGRhdGUiOjMwMDAwMDAwMDAwMH0sInNjaGVtYV92ZXJzaW9uIjoiMSJ9",
          "dependencies": [
            "data.yandex_compute_image.ubuntu",
            "yandex_vpc_network.vpc",
            "yandex_vpc_security_group.sg_bastion",
            "yandex_vpc_subnet.public_subnet_a"
          ]
        }
      ]
    },
    {
      "mode": "managed",
      "type": "yandex_compute_instance",
      "name": "elasticsearch",
      "provider": "provider[\"registry.terraform.io/yandex-cloud/yandex\"]",
      "instances": [
        {
          "schema_version": 1,
          "attributes": {
            "allow_recreate": null,
            "allow_stopping_for_update": null,
            "boot_disk": [
              {
                "auto_delete": true,
                "device_name": "fhmhbc1adbdepjt6gnj3",
                "disk_id": "fhmhbc1adbdepjt6gnj3",
                "initialize_params": [
                  {
                    "block_size": 4096,
                    "description": "",
                    "image_id": "fd8fc3q8qr0cgjqk2v94",
                    "kms_key_id": "",
                    "name": "",
                    "size": 10,
                    "snapshot_id": "",
                    "type": "network-hdd"
                  }
                ],
                "mode": "READ_WRITE"
              }
            ],
            "created_at": "2026-05-15T18:25:06Z",
            "description": "",
            "filesystem": [],
            "folder_id": "b1gqrqjb1ra1tjpcesuf",
            "fqdn": "elasticsearch-server.ru-central1.internal",
            "gpu_cluster_id": "",
            "hardware_generation": [
              {
                "generation2_features": [],
                "legacy_features": [
                  {
                    "pci_topology": "PCI_TOPOLOGY_V2"
                  }
                ]
              }
            ],
            "hostname": "elasticsearch-server",
            "id": "fhm6uta2o9g2bfq9cqt2",
            "labels": null,
            "local_disk": [],
            "maintenance_grace_period": "",
            "maintenance_policy": null,
            "metadata": {
              "ssh-keys": "ubuntu:ssh-rsa AAAAB3NzaC1yc2EAAAADAQABAAACAQDFXJ+qRX+SuLf6LQYDsBnHok4M8zSFhW9e4SbHHnCmouBelV9k6ArJpLGi27j+/pARma1oV7OFasvc98egrN2NGZIfhSxRZlAfKufjTv7E0pkXPb+Uwi7vr2BgWwkdKLAFKW1gtlyX0l8gfYneWFACxSlsm1s6xW63mlIUKatU1vyb5J6RF4oJP2kK7ffj5bW3EBcK6LMVlIiToDp02UEu3YPyp2AnatxBbyFNhdflhcOGzExlkAICWFCEEKeett8Z1WYiQZfu6BQD+OxZOWtUIPqKr10DFtwEcpygcCVFMRFh4sayFIAUQoUjXxJVZLYQxJ0L1yFL3HgNq89mqRtNm+gEembF3iMbrpJpZEcwaJNTL6T92yefmzw8CuV0NkHmIjskm/5yTgtYXnMC+ZvP2uNEfO7h38Z0PJdIIDocastyMljgDRLzngYHSktCZiHetcWLwvyfmHsoGe2AOTeRnhsr7QOYXV5SQTBtNEKQbq220dhJB5MWHA+YYqXFaV8SUEMZio2r3o+GEdK4SUh+GFK1jIe5j4Vdcl3lix38qrrsoerxiJ208RU/qD/qfmVbsuaNN52NG2NICKaHDxr6fHKr1dhZLZzzmBNNJS59JSBBlPLyyZHNm2Wq14rTA9V5T/KdssucgNJd9VpI21hI9QM/IGMVONiH+r7lAhgAsw== pavelfedorov84@gmail.com\n"
            },
            "metadata_options": [
              {
                "aws_v1_http_endpoint": 1,
                "aws_v1_http_token": 2,
                "gce_http_endpoint": 1,
                "gce_http_token": 1
              }
            ],
            "name": "elasticsearch-server",
            "network_acceleration_type": "standard",
            "network_interface": [
              {
                "dns_record": [],
                "index": 0,
                "ip_address": "192.168.20.19",
                "ipv4": true,
                "ipv6": false,
                "ipv6_address": "",
                "ipv6_dns_record": [],
                "mac_address": "d0:0d:6f:75:42:c2",
                "nat": false,
                "nat_dns_record": [],
                "nat_ip_address": "",
                "nat_ip_version": "",
                "security_group_ids": [
                  "enp1fnq0p6f6kp6upe90"
                ],
                "subnet_id": "e9b87p6lrmr6mmtjjqvo"
              }
            ],
            "placement_policy": [
              {
                "host_affinity_rules": [],
                "placement_group_id": "",
                "placement_group_partition": 0
              }
            ],
            "platform_id": "standard-v2",
            "resources": [
              {
                "core_fraction": 20,
                "cores": 2,
                "gpus": 0,
                "memory": 4
              }
            ],
            "scheduling_policy": [
              {
                "preemptible": true
              }
            ],
            "secondary_disk": [],
            "service_account_id": "",
            "status": "running",
            "timeouts": null,
            "zone": "ru-central1-a"
          },
          "sensitive_attributes": [],
          "identity_schema_version": 0,
          "private": "eyJlMmJmYjczMC1lY2FhLTExZTYtOGY4OC0zNDM2M2JjN2M0YzAiOnsiY3JlYXRlIjozMDAwMDAwMDAwMDAsImRlbGV0ZSI6MzAwMDAwMDAwMDAwLCJ1cGRhdGUiOjMwMDAwMDAwMDAwMH0sInNjaGVtYV92ZXJzaW9uIjoiMSJ9",
          "dependencies": [
            "data.yandex_compute_image.ubuntu",
            "yandex_vpc_gateway.nat_gateway",
            "yandex_vpc_network.vpc",
            "yandex_vpc_route_table.private_rt",
            "yandex_vpc_security_group.sg_alb",
            "yandex_vpc_security_group.sg_bastion",
            "yandex_vpc_security_group.sg_elasticsearch",
            "yandex_vpc_security_group.sg_kibana",
            "yandex_vpc_security_group.sg_web",
            "yandex_vpc_security_group.sg_zabbix",
            "yandex_vpc_subnet.private_subnet_a"
          ]
        }
      ]
    },
    {
      "mode": "managed",
      "type": "yandex_compute_instance",
      "name": "kibana",
      "provider": "provider[\"registry.terraform.io/yandex-cloud/yandex\"]",
      "instances": [
        {
          "schema_version": 1,
          "attributes": {
            "allow_recreate": null,
            "allow_stopping_for_update": null,
            "boot_disk": [
              {
                "auto_delete": true,
                "device_name": "fhmrqbant7r4l6387veq",
                "disk_id": "fhmrqbant7r4l6387veq",
                "initialize_params": [
                  {
                    "block_size": 4096,
                    "description": "",
                    "image_id": "fd8fc3q8qr0cgjqk2v94",
                    "kms_key_id": "",
                    "name": "",
                    "size": 10,
                    "snapshot_id": "",
                    "type": "network-hdd"
                  }
                ],
                "mode": "READ_WRITE"
              }
            ],
            "created_at": "2026-05-15T18:24:43Z",
            "description": "",
            "filesystem": [],
            "folder_id": "b1gqrqjb1ra1tjpcesuf",
            "fqdn": "kibana-server.ru-central1.internal",
            "gpu_cluster_id": "",
            "hardware_generation": [
              {
                "generation2_features": [],
                "legacy_features": [
                  {
                    "pci_topology": "PCI_TOPOLOGY_V2"
                  }
                ]
              }
            ],
            "hostname": "kibana-server",
            "id": "fhm53rfm15ds9277m71m",
            "labels": null,
            "local_disk": [],
            "maintenance_grace_period": "",
            "maintenance_policy": null,
            "metadata": {
              "ssh-keys": "ubuntu:ssh-rsa AAAAB3NzaC1yc2EAAAADAQABAAACAQDFXJ+qRX+SuLf6LQYDsBnHok4M8zSFhW9e4SbHHnCmouBelV9k6ArJpLGi27j+/pARma1oV7OFasvc98egrN2NGZIfhSxRZlAfKufjTv7E0pkXPb+Uwi7vr2BgWwkdKLAFKW1gtlyX0l8gfYneWFACxSlsm1s6xW63mlIUKatU1vyb5J6RF4oJP2kK7ffj5bW3EBcK6LMVlIiToDp02UEu3YPyp2AnatxBbyFNhdflhcOGzExlkAICWFCEEKeett8Z1WYiQZfu6BQD+OxZOWtUIPqKr10DFtwEcpygcCVFMRFh4sayFIAUQoUjXxJVZLYQxJ0L1yFL3HgNq89mqRtNm+gEembF3iMbrpJpZEcwaJNTL6T92yefmzw8CuV0NkHmIjskm/5yTgtYXnMC+ZvP2uNEfO7h38Z0PJdIIDocastyMljgDRLzngYHSktCZiHetcWLwvyfmHsoGe2AOTeRnhsr7QOYXV5SQTBtNEKQbq220dhJB5MWHA+YYqXFaV8SUEMZio2r3o+GEdK4SUh+GFK1jIe5j4Vdcl3lix38qrrsoerxiJ208RU/qD/qfmVbsuaNN52NG2NICKaHDxr6fHKr1dhZLZzzmBNNJS59JSBBlPLyyZHNm2Wq14rTA9V5T/KdssucgNJd9VpI21hI9QM/IGMVONiH+r7lAhgAsw== pavelfedorov84@gmail.com\n"
            },
            "metadata_options": [
              {
                "aws_v1_http_endpoint": 1,
                "aws_v1_http_token": 2,
                "gce_http_endpoint": 1,
                "gce_http_token": 1
              }
            ],
            "name": "kibana-server",
            "network_acceleration_type": "standard",
            "network_interface": [
              {
                "dns_record": [],
                "index": 0,
                "ip_address": "192.168.10.26",
                "ipv4": true,
                "ipv6": false,
                "ipv6_address": "",
                "ipv6_dns_record": [],
                "mac_address": "d0:0d:51:ed:f6:09",
                "nat": true,
                "nat_dns_record": [],
                "nat_ip_address": "93.77.179.192",
                "nat_ip_version": "IPV4",
                "security_group_ids": [
                  "enpu0ep8urqmduieohqo"
                ],
                "subnet_id": "e9bm19sejqf7348j4dlq"
              }
            ],
            "placement_policy": [
              {
                "host_affinity_rules": [],
                "placement_group_id": "",
                "placement_group_partition": 0
              }
            ],
            "platform_id": "standard-v2",
            "resources": [
              {
                "core_fraction": 20,
                "cores": 2,
                "gpus": 0,
                "memory": 2
              }
            ],
            "scheduling_policy": [
              {
                "preemptible": true
              }
            ],
            "secondary_disk": [],
            "service_account_id": "",
            "status": "running",
            "timeouts": null,
            "zone": "ru-central1-a"
          },
          "sensitive_attributes": [],
          "identity_schema_version": 0,
          "private": "eyJlMmJmYjczMC1lY2FhLTExZTYtOGY4OC0zNDM2M2JjN2M0YzAiOnsiY3JlYXRlIjozMDAwMDAwMDAwMDAsImRlbGV0ZSI6MzAwMDAwMDAwMDAwLCJ1cGRhdGUiOjMwMDAwMDAwMDAwMH0sInNjaGVtYV92ZXJzaW9uIjoiMSJ9",
          "dependencies": [
            "data.yandex_compute_image.ubuntu",
            "yandex_vpc_network.vpc",
            "yandex_vpc_security_group.sg_bastion",
            "yandex_vpc_security_group.sg_kibana",
            "yandex_vpc_subnet.public_subnet_a"
          ]
        }
      ]
    },
    {
      "mode": "managed",
      "type": "yandex_compute_instance",
      "name": "web",
      "provider": "provider[\"registry.terraform.io/yandex-cloud/yandex\"]",
      "instances": [
        {
          "index_key": 0,
          "schema_version": 1,
          "attributes": {
            "allow_recreate": null,
            "allow_stopping_for_update": null,
            "boot_disk": [
              {
                "auto_delete": true,
                "device_name": "fhmr2l1ivafar1t99v2j",
                "disk_id": "fhmr2l1ivafar1t99v2j",
                "initialize_params": [
                  {
                    "block_size": 4096,
                    "description": "",
                    "image_id": "fd8fc3q8qr0cgjqk2v94",
                    "kms_key_id": "",
                    "name": "",
                    "size": 10,
                    "snapshot_id": "",
                    "type": "network-hdd"
                  }
                ],
                "mode": "READ_WRITE"
              }
            ],
            "created_at": "2026-05-15T18:25:04Z",
            "description": "",
            "filesystem": [],
            "folder_id": "b1gqrqjb1ra1tjpcesuf",
            "fqdn": "web-server-1.ru-central1.internal",
            "gpu_cluster_id": "",
            "hardware_generation": [
              {
                "generation2_features": [],
                "legacy_features": [
                  {
                    "pci_topology": "PCI_TOPOLOGY_V2"
                  }
                ]
              }
            ],
            "hostname": "web-server-1",
            "id": "fhm4qpvluht9kpls4a4q",
            "labels": null,
            "local_disk": [],
            "maintenance_grace_period": "",
            "maintenance_policy": null,
            "metadata": {
              "ssh-keys": "ubuntu:ssh-rsa AAAAB3NzaC1yc2EAAAADAQABAAACAQDFXJ+qRX+SuLf6LQYDsBnHok4M8zSFhW9e4SbHHnCmouBelV9k6ArJpLGi27j+/pARma1oV7OFasvc98egrN2NGZIfhSxRZlAfKufjTv7E0pkXPb+Uwi7vr2BgWwkdKLAFKW1gtlyX0l8gfYneWFACxSlsm1s6xW63mlIUKatU1vyb5J6RF4oJP2kK7ffj5bW3EBcK6LMVlIiToDp02UEu3YPyp2AnatxBbyFNhdflhcOGzExlkAICWFCEEKeett8Z1WYiQZfu6BQD+OxZOWtUIPqKr10DFtwEcpygcCVFMRFh4sayFIAUQoUjXxJVZLYQxJ0L1yFL3HgNq89mqRtNm+gEembF3iMbrpJpZEcwaJNTL6T92yefmzw8CuV0NkHmIjskm/5yTgtYXnMC+ZvP2uNEfO7h38Z0PJdIIDocastyMljgDRLzngYHSktCZiHetcWLwvyfmHsoGe2AOTeRnhsr7QOYXV5SQTBtNEKQbq220dhJB5MWHA+YYqXFaV8SUEMZio2r3o+GEdK4SUh+GFK1jIe5j4Vdcl3lix38qrrsoerxiJ208RU/qD/qfmVbsuaNN52NG2NICKaHDxr6fHKr1dhZLZzzmBNNJS59JSBBlPLyyZHNm2Wq14rTA9V5T/KdssucgNJd9VpI21hI9QM/IGMVONiH+r7lAhgAsw== pavelfedorov84@gmail.com\n"
            },
            "metadata_options": [
              {
                "aws_v1_http_endpoint": 1,
                "aws_v1_http_token": 2,
                "gce_http_endpoint": 1,
                "gce_http_token": 1
              }
            ],
            "name": "web-server-1",
            "network_acceleration_type": "standard",
            "network_interface": [
              {
                "dns_record": [],
                "index": 0,
                "ip_address": "192.168.20.26",
                "ipv4": true,
                "ipv6": false,
                "ipv6_address": "",
                "ipv6_dns_record": [],
                "mac_address": "d0:0d:4d:67:f5:f4",
                "nat": false,
                "nat_dns_record": [],
                "nat_ip_address": "",
                "nat_ip_version": "",
                "security_group_ids": [
                  "enpj106ss0mb0so3tosq"
                ],
                "subnet_id": "e9b87p6lrmr6mmtjjqvo"
              }
            ],
            "placement_policy": [
              {
                "host_affinity_rules": [],
                "placement_group_id": "",
                "placement_group_partition": 0
              }
            ],
            "platform_id": "standard-v2",
            "resources": [
              {
                "core_fraction": 20,
                "cores": 2,
                "gpus": 0,
                "memory": 2
              }
            ],
            "scheduling_policy": [
              {
                "preemptible": true
              }
            ],
            "secondary_disk": [],
            "service_account_id": "",
            "status": "running",
            "timeouts": null,
            "zone": "ru-central1-a"
          },
          "sensitive_attributes": [],
          "identity_schema_version": 0,
          "private": "eyJlMmJmYjczMC1lY2FhLTExZTYtOGY4OC0zNDM2M2JjN2M0YzAiOnsiY3JlYXRlIjozMDAwMDAwMDAwMDAsImRlbGV0ZSI6MzAwMDAwMDAwMDAwLCJ1cGRhdGUiOjMwMDAwMDAwMDAwMH0sInNjaGVtYV92ZXJzaW9uIjoiMSJ9",
          "dependencies": [
            "data.yandex_compute_image.ubuntu",
            "yandex_vpc_gateway.nat_gateway",
            "yandex_vpc_network.vpc",
            "yandex_vpc_route_table.private_rt",
            "yandex_vpc_security_group.sg_alb",
            "yandex_vpc_security_group.sg_bastion",
            "yandex_vpc_security_group.sg_web",
            "yandex_vpc_security_group.sg_zabbix",
            "yandex_vpc_subnet.private_subnet_a",
            "yandex_vpc_subnet.private_subnet_b"
          ]
        },
        {
          "index_key": 1,
          "schema_version": 1,
          "attributes": {
            "allow_recreate": null,
            "allow_stopping_for_update": null,
            "boot_disk": [
              {
                "auto_delete": true,
                "device_name": "epdlipkv73qgod966tee",
                "disk_id": "epdlipkv73qgod966tee",
                "initialize_params": [
                  {
                    "block_size": 4096,
                    "description": "",
                    "image_id": "fd8fc3q8qr0cgjqk2v94",
                    "kms_key_id": "",
                    "name": "",
                    "size": 10,
                    "snapshot_id": "",
                    "type": "network-hdd"
                  }
                ],
                "mode": "READ_WRITE"
              }
            ],
            "created_at": "2026-05-15T18:25:04Z",
            "description": "",
            "filesystem": [],
            "folder_id": "b1gqrqjb1ra1tjpcesuf",
            "fqdn": "web-server-2.ru-central1.internal",
            "gpu_cluster_id": "",
            "hardware_generation": [
              {
                "generation2_features": [],
                "legacy_features": [
                  {
                    "pci_topology": "PCI_TOPOLOGY_V2"
                  }
                ]
              }
            ],
            "hostname": "web-server-2",
            "id": "epdlh9h5ksbuag53u3jj",
            "labels": null,
            "local_disk": [],
            "maintenance_grace_period": "",
            "maintenance_policy": null,
            "metadata": {
              "ssh-keys": "ubuntu:ssh-rsa AAAAB3NzaC1yc2EAAAADAQABAAACAQDFXJ+qRX+SuLf6LQYDsBnHok4M8zSFhW9e4SbHHnCmouBelV9k6ArJpLGi27j+/pARma1oV7OFasvc98egrN2NGZIfhSxRZlAfKufjTv7E0pkXPb+Uwi7vr2BgWwkdKLAFKW1gtlyX0l8gfYneWFACxSlsm1s6xW63mlIUKatU1vyb5J6RF4oJP2kK7ffj5bW3EBcK6LMVlIiToDp02UEu3YPyp2AnatxBbyFNhdflhcOGzExlkAICWFCEEKeett8Z1WYiQZfu6BQD+OxZOWtUIPqKr10DFtwEcpygcCVFMRFh4sayFIAUQoUjXxJVZLYQxJ0L1yFL3HgNq89mqRtNm+gEembF3iMbrpJpZEcwaJNTL6T92yefmzw8CuV0NkHmIjskm/5yTgtYXnMC+ZvP2uNEfO7h38Z0PJdIIDocastyMljgDRLzngYHSktCZiHetcWLwvyfmHsoGe2AOTeRnhsr7QOYXV5SQTBtNEKQbq220dhJB5MWHA+YYqXFaV8SUEMZio2r3o+GEdK4SUh+GFK1jIe5j4Vdcl3lix38qrrsoerxiJ208RU/qD/qfmVbsuaNN52NG2NICKaHDxr6fHKr1dhZLZzzmBNNJS59JSBBlPLyyZHNm2Wq14rTA9V5T/KdssucgNJd9VpI21hI9QM/IGMVONiH+r7lAhgAsw== pavelfedorov84@gmail.com\n"
            },
            "metadata_options": [
              {
                "aws_v1_http_endpoint": 1,
                "aws_v1_http_token": 2,
                "gce_http_endpoint": 1,
                "gce_http_token": 1
              }
            ],
            "name": "web-server-2",
            "network_acceleration_type": "standard",
            "network_interface": [
              {
                "dns_record": [],
                "index": 0,
                "ip_address": "192.168.21.9",
                "ipv4": true,
                "ipv6": false,
                "ipv6_address": "",
                "ipv6_dns_record": [],
                "mac_address": "d0:0d:15:8a:62:5a",
                "nat": false,
                "nat_dns_record": [],
                "nat_ip_address": "",
                "nat_ip_version": "",
                "security_group_ids": [
                  "enpj106ss0mb0so3tosq"
                ],
                "subnet_id": "e2lcf1dj93jebb6p7c4u"
              }
            ],
            "placement_policy": [
              {
                "host_affinity_rules": [],
                "placement_group_id": "",
                "placement_group_partition": 0
              }
            ],
            "platform_id": "standard-v2",
            "resources": [
              {
                "core_fraction": 20,
                "cores": 2,
                "gpus": 0,
                "memory": 2
              }
            ],
            "scheduling_policy": [
              {
                "preemptible": true
              }
            ],
            "secondary_disk": [],
            "service_account_id": "",
            "status": "running",
            "timeouts": null,
            "zone": "ru-central1-b"
          },
          "sensitive_attributes": [],
          "identity_schema_version": 0,
          "private": "eyJlMmJmYjczMC1lY2FhLTExZTYtOGY4OC0zNDM2M2JjN2M0YzAiOnsiY3JlYXRlIjozMDAwMDAwMDAwMDAsImRlbGV0ZSI6MzAwMDAwMDAwMDAwLCJ1cGRhdGUiOjMwMDAwMDAwMDAwMH0sInNjaGVtYV92ZXJzaW9uIjoiMSJ9",
          "dependencies": [
            "data.yandex_compute_image.ubuntu",
            "yandex_vpc_gateway.nat_gateway",
            "yandex_vpc_network.vpc",
            "yandex_vpc_route_table.private_rt",
            "yandex_vpc_security_group.sg_alb",
            "yandex_vpc_security_group.sg_bastion",
            "yandex_vpc_security_group.sg_web",
            "yandex_vpc_security_group.sg_zabbix",
            "yandex_vpc_subnet.private_subnet_a",
            "yandex_vpc_subnet.private_subnet_b"
          ]
        }
      ]
    },
    {
      "mode": "managed",
      "type": "yandex_compute_instance",
      "name": "zabbix",
      "provider": "provider[\"registry.terraform.io/yandex-cloud/yandex\"]",
      "instances": [
        {
          "schema_version": 1,
          "attributes": {
            "allow_recreate": null,
            "allow_stopping_for_update": null,
            "boot_disk": [
              {
                "auto_delete": true,
                "device_name": "fhmo1207vtishd35pua1",
                "disk_id": "fhmo1207vtishd35pua1",
                "initialize_params": [
                  {
                    "block_size": 4096,
                    "description": "",
                    "image_id": "fd8fc3q8qr0cgjqk2v94",
                    "kms_key_id": "",
                    "name": "",
                    "size": 10,
                    "snapshot_id": "",
                    "type": "network-hdd"
                  }
                ],
                "mode": "READ_WRITE"
              }
            ],
            "created_at": "2026-05-15T18:25:01Z",
            "description": "",
            "filesystem": [],
            "folder_id": "b1gqrqjb1ra1tjpcesuf",
            "fqdn": "zabbix-server.ru-central1.internal",
            "gpu_cluster_id": "",
            "hardware_generation": [
              {
                "generation2_features": [],
                "legacy_features": [
                  {
                    "pci_topology": "PCI_TOPOLOGY_V2"
                  }
                ]
              }
            ],
            "hostname": "zabbix-server",
            "id": "fhm2j3u2urlrn4bdlk1n",
            "labels": null,
            "local_disk": [],
            "maintenance_grace_period": "",
            "maintenance_policy": null,
            "metadata": {
              "ssh-keys": "ubuntu:ssh-rsa AAAAB3NzaC1yc2EAAAADAQABAAACAQDFXJ+qRX+SuLf6LQYDsBnHok4M8zSFhW9e4SbHHnCmouBelV9k6ArJpLGi27j+/pARma1oV7OFasvc98egrN2NGZIfhSxRZlAfKufjTv7E0pkXPb+Uwi7vr2BgWwkdKLAFKW1gtlyX0l8gfYneWFACxSlsm1s6xW63mlIUKatU1vyb5J6RF4oJP2kK7ffj5bW3EBcK6LMVlIiToDp02UEu3YPyp2AnatxBbyFNhdflhcOGzExlkAICWFCEEKeett8Z1WYiQZfu6BQD+OxZOWtUIPqKr10DFtwEcpygcCVFMRFh4sayFIAUQoUjXxJVZLYQxJ0L1yFL3HgNq89mqRtNm+gEembF3iMbrpJpZEcwaJNTL6T92yefmzw8CuV0NkHmIjskm/5yTgtYXnMC+ZvP2uNEfO7h38Z0PJdIIDocastyMljgDRLzngYHSktCZiHetcWLwvyfmHsoGe2AOTeRnhsr7QOYXV5SQTBtNEKQbq220dhJB5MWHA+YYqXFaV8SUEMZio2r3o+GEdK4SUh+GFK1jIe5j4Vdcl3lix38qrrsoerxiJ208RU/qD/qfmVbsuaNN52NG2NICKaHDxr6fHKr1dhZLZzzmBNNJS59JSBBlPLyyZHNm2Wq14rTA9V5T/KdssucgNJd9VpI21hI9QM/IGMVONiH+r7lAhgAsw== pavelfedorov84@gmail.com\n"
            },
            "metadata_options": [
              {
                "aws_v1_http_endpoint": 1,
                "aws_v1_http_token": 2,
                "gce_http_endpoint": 1,
                "gce_http_token": 1
              }
            ],
            "name": "zabbix-server",
            "network_acceleration_type": "standard",
            "network_interface": [
              {
                "dns_record": [],
                "index": 0,
                "ip_address": "192.168.10.21",
                "ipv4": true,
                "ipv6": false,
                "ipv6_address": "",
                "ipv6_dns_record": [],
                "mac_address": "d0:0d:29:8f:c2:f6",
                "nat": true,
                "nat_dns_record": [],
                "nat_ip_address": "93.77.190.28",
                "nat_ip_version": "IPV4",
                "security_group_ids": [
                  "enpuu5g7nnkdls4vs1ue"
                ],
                "subnet_id": "e9bm19sejqf7348j4dlq"
              }
            ],
            "placement_policy": [
              {
                "host_affinity_rules": [],
                "placement_group_id": "",
                "placement_group_partition": 0
              }
            ],
            "platform_id": "standard-v2",
            "resources": [
              {
                "core_fraction": 20,
                "cores": 2,
                "gpus": 0,
                "memory": 4
              }
            ],
            "scheduling_policy": [
              {
                "preemptible": true
              }
            ],
            "secondary_disk": [],
            "service_account_id": "",
            "status": "running",
            "timeouts": null,
            "zone": "ru-central1-a"
          },
          "sensitive_attributes": [],
          "identity_schema_version": 0,
          "private": "eyJlMmJmYjczMC1lY2FhLTExZTYtOGY4OC0zNDM2M2JjN2M0YzAiOnsiY3JlYXRlIjozMDAwMDAwMDAwMDAsImRlbGV0ZSI6MzAwMDAwMDAwMDAwLCJ1cGRhdGUiOjMwMDAwMDAwMDAwMH0sInNjaGVtYV92ZXJzaW9uIjoiMSJ9",
          "dependencies": [
            "data.yandex_compute_image.ubuntu",
            "yandex_vpc_network.vpc",
            "yandex_vpc_security_group.sg_bastion",
            "yandex_vpc_security_group.sg_zabbix",
            "yandex_vpc_subnet.public_subnet_a"
          ]
        }
      ]
    },
    {
      "mode": "managed",
      "type": "yandex_compute_snapshot_schedule",
      "name": "daily_all",
      "provider": "provider[\"registry.terraform.io/yandex-cloud/yandex\"]",
      "instances": [
        {
          "schema_version": 0,
          "attributes": {
            "created_at": "2026-05-15T18:25:59Z",
            "description": "",
            "disk_ids": [
              "epdlipkv73qgod966tee",
              "fhmhbc1adbdepjt6gnj3",
              "fhmo1207vtishd35pua1",
              "fhmr2l1ivafar1t99v2j",
              "fhmrqbant7r4l6387veq",
              "fhmsh1bj6rsfmjdlunp4"
            ],
            "folder_id": "b1gqrqjb1ra1tjpcesuf",
            "id": "fd8tfchlauuqqrcc3lus",
            "labels": null,
            "name": "daily-all-disks",
            "retention_period": "168h0m0s",
            "schedule_policy": [
              {
                "expression": "0 0 * * *",
                "start_at": "1970-01-01T00:00:00Z"
              }
            ],
            "snapshot_count": 0,
            "snapshot_spec": [
              {
                "description": "",
                "labels": {}
              }
            ],
            "status": "active",
            "timeouts": null
          },
          "sensitive_attributes": [],
          "identity_schema_version": 0,
          "private": "eyJlMmJmYjczMC1lY2FhLTExZTYtOGY4OC0zNDM2M2JjN2M0YzAiOnsiY3JlYXRlIjozMDAwMDAwMDAwMDAsImRlbGV0ZSI6MzAwMDAwMDAwMDAwLCJ1cGRhdGUiOjMwMDAwMDAwMDAwMH19",
          "dependencies": [
            "data.yandex_compute_image.ubuntu",
            "yandex_compute_instance.bastion",
            "yandex_compute_instance.elasticsearch",
            "yandex_compute_instance.kibana",
            "yandex_compute_instance.web",
            "yandex_compute_instance.zabbix",
            "yandex_vpc_gateway.nat_gateway",
            "yandex_vpc_network.vpc",
            "yandex_vpc_route_table.private_rt",
            "yandex_vpc_security_group.sg_alb",
            "yandex_vpc_security_group.sg_bastion",
            "yandex_vpc_security_group.sg_elasticsearch",
            "yandex_vpc_security_group.sg_kibana",
            "yandex_vpc_security_group.sg_web",
            "yandex_vpc_security_group.sg_zabbix",
            "yandex_vpc_subnet.private_subnet_a",
            "yandex_vpc_subnet.private_subnet_b",
            "yandex_vpc_subnet.public_subnet_a"
          ]
        }
      ]
    },
    {
      "mode": "managed",
      "type": "yandex_vpc_gateway",
      "name": "nat_gateway",
      "provider": "provider[\"registry.terraform.io/yandex-cloud/yandex\"]",
      "instances": [
        {
          "schema_version": 0,
          "attributes": {
            "created_at": "2026-05-15T18:24:32Z",
            "description": "",
            "folder_id": "b1gqrqjb1ra1tjpcesuf",
            "id": "enpkq1trqiag9ctrtsla",
            "labels": {},
            "name": "nat-gateway",
            "shared_egress_gateway": [
              {}
            ],
            "timeouts": null
          },
          "sensitive_attributes": [],
          "identity_schema_version": 0,
          "private": "eyJlMmJmYjczMC1lY2FhLTExZTYtOGY4OC0zNDM2M2JjN2M0YzAiOnsiY3JlYXRlIjo2MDAwMDAwMDAwMCwiZGVsZXRlIjo2MDAwMDAwMDAwMCwidXBkYXRlIjo2MDAwMDAwMDAwMH19"
        }
      ]
    },
    {
      "mode": "managed",
      "type": "yandex_vpc_network",
      "name": "vpc",
      "provider": "provider[\"registry.terraform.io/yandex-cloud/yandex\"]",
      "instances": [
        {
          "schema_version": 0,
          "attributes": {
            "created_at": "2026-05-15T18:24:32Z",
            "default_security_group_id": "enp7scs1g4gki4063m1p",
            "description": "",
            "folder_id": "b1gqrqjb1ra1tjpcesuf",
            "id": "enpoll9ot8pjhpiqsqpf",
            "labels": {},
            "name": "my-vpc",
            "subnet_ids": [],
            "timeouts": null
          },
          "sensitive_attributes": [],
          "identity_schema_version": 0,
          "private": "eyJlMmJmYjczMC1lY2FhLTExZTYtOGY4OC0zNDM2M2JjN2M0YzAiOnsiY3JlYXRlIjo2MDAwMDAwMDAwMCwiZGVsZXRlIjo2MDAwMDAwMDAwMCwidXBkYXRlIjo2MDAwMDAwMDAwMH19"
        }
      ]
    },
    {
      "mode": "managed",
      "type": "yandex_vpc_route_table",
      "name": "private_rt",
      "provider": "provider[\"registry.terraform.io/yandex-cloud/yandex\"]",
      "instances": [
        {
          "schema_version": 0,
          "attributes": {
            "created_at": "2026-05-15T18:24:36Z",
            "description": "",
            "folder_id": "b1gqrqjb1ra1tjpcesuf",
            "id": "enpi0vbsobeo6e04ua30",
            "labels": {},
            "name": "private-route-table",
            "network_id": "enpoll9ot8pjhpiqsqpf",
            "static_route": [
              {
                "destination_prefix": "0.0.0.0/0",
                "gateway_id": "enpkq1trqiag9ctrtsla",
                "next_hop_address": ""
              }
            ],
            "timeouts": null
          },
          "sensitive_attributes": [],
          "identity_schema_version": 0,
          "private": "eyJlMmJmYjczMC1lY2FhLTExZTYtOGY4OC0zNDM2M2JjN2M0YzAiOnsiY3JlYXRlIjoxODAwMDAwMDAwMDAsImRlbGV0ZSI6MTgwMDAwMDAwMDAwLCJ1cGRhdGUiOjE4MDAwMDAwMDAwMH19",
          "dependencies": [
            "yandex_vpc_gateway.nat_gateway",
            "yandex_vpc_network.vpc"
          ]
        }
      ]
    },
    {
      "mode": "managed",
      "type": "yandex_vpc_security_group",
      "name": "sg_alb",
      "provider": "provider[\"registry.terraform.io/yandex-cloud/yandex\"]",
      "instances": [
        {
          "schema_version": 0,
          "attributes": {
            "created_at": "2026-05-15T18:24:39Z",
            "description": "",
            "egress": [
              {
                "description": "",
                "from_port": 0,
                "id": "enpocs1lg309bsdvbk7s",
                "labels": {},
                "port": -1,
                "predefined_target": "",
                "protocol": "ANY",
                "security_group_id": "",
                "to_port": 65535,
                "v4_cidr_blocks": [
                  "0.0.0.0/0"
                ],
                "v6_cidr_blocks": []
              }
            ],
            "folder_id": "b1gqrqjb1ra1tjpcesuf",
            "id": "enpaq88794of4o8bib6v",
            "ingress": [
              {
                "description": "HTTP",
                "from_port": -1,
                "id": "enpc25ou6a47avj5bis0",
                "labels": {},
                "port": 80,
                "predefined_target": "",
                "protocol": "TCP",
                "security_group_id": "",
                "to_port": -1,
                "v4_cidr_blocks": [
                  "0.0.0.0/0"
                ],
                "v6_cidr_blocks": []
              }
            ],
            "labels": {},
            "name": "sg-alb",
            "network_id": "enpoll9ot8pjhpiqsqpf",
            "status": "ACTIVE",
            "timeouts": null
          },
          "sensitive_attributes": [],
          "identity_schema_version": 0,
          "private": "eyJlMmJmYjczMC1lY2FhLTExZTYtOGY4OC0zNDM2M2JjN2M0YzAiOnsiY3JlYXRlIjoxODAwMDAwMDAwMDAsImRlbGV0ZSI6MTgwMDAwMDAwMDAwLCJ1cGRhdGUiOjE4MDAwMDAwMDAwMH19",
          "dependencies": [
            "yandex_vpc_network.vpc"
          ]
        }
      ]
    },
    {
      "mode": "managed",
      "type": "yandex_vpc_security_group",
      "name": "sg_bastion",
      "provider": "provider[\"registry.terraform.io/yandex-cloud/yandex\"]",
      "instances": [
        {
          "schema_version": 0,
          "attributes": {
            "created_at": "2026-05-15T18:24:37Z",
            "description": "",
            "egress": [
              {
                "description": "",
                "from_port": 0,
                "id": "enprmtt9lblkpvhlb6i6",
                "labels": {},
                "port": -1,
                "predefined_target": "",
                "protocol": "ANY",
                "security_group_id": "",
                "to_port": 65535,
                "v4_cidr_blocks": [
                  "0.0.0.0/0"
                ],
                "v6_cidr_blocks": []
              }
            ],
            "folder_id": "b1gqrqjb1ra1tjpcesuf",
            "id": "enpjq7e5t8u489f0v1dm",
            "ingress": [
              {
                "description": "SSH",
                "from_port": -1,
                "id": "enpqm1r5kbos3fh7ph8k",
                "labels": {},
                "port": 22,
                "predefined_target": "",
                "protocol": "TCP",
                "security_group_id": "",
                "to_port": -1,
                "v4_cidr_blocks": [
                  "0.0.0.0/0"
                ],
                "v6_cidr_blocks": []
              }
            ],
            "labels": {},
            "name": "sg-bastion",
            "network_id": "enpoll9ot8pjhpiqsqpf",
            "status": "ACTIVE",
            "timeouts": null
          },
          "sensitive_attributes": [],
          "identity_schema_version": 0,
          "private": "eyJlMmJmYjczMC1lY2FhLTExZTYtOGY4OC0zNDM2M2JjN2M0YzAiOnsiY3JlYXRlIjoxODAwMDAwMDAwMDAsImRlbGV0ZSI6MTgwMDAwMDAwMDAwLCJ1cGRhdGUiOjE4MDAwMDAwMDAwMH19",
          "dependencies": [
            "yandex_vpc_network.vpc"
          ]
        }
      ]
    },
    {
      "mode": "managed",
      "type": "yandex_vpc_security_group",
      "name": "sg_elasticsearch",
      "provider": "provider[\"registry.terraform.io/yandex-cloud/yandex\"]",
      "instances": [
        {
          "schema_version": 0,
          "attributes": {
            "created_at": "2026-05-15T18:25:05Z",
            "description": "",
            "egress": [
              {
                "description": "",
                "from_port": 0,
                "id": "enpi5pqd8uv7grfns3e5",
                "labels": {},
                "port": -1,
                "predefined_target": "",
                "protocol": "ANY",
                "security_group_id": "",
                "to_port": 65535,
                "v4_cidr_blocks": [
                  "0.0.0.0/0"
                ],
                "v6_cidr_blocks": []
              }
            ],
            "folder_id": "b1gqrqjb1ra1tjpcesuf",
            "id": "enp1fnq0p6f6kp6upe90",
            "ingress": [
              {
                "description": "Elasticsearch API from filebeat",
                "from_port": -1,
                "id": "enpr1v7s2r3bsd1r40re",
                "labels": {},
                "port": 9200,
                "predefined_target": "",
                "protocol": "TCP",
                "security_group_id": "enpj106ss0mb0so3tosq",
                "to_port": -1,
                "v4_cidr_blocks": [],
                "v6_cidr_blocks": []
              },
              {
                "description": "Elasticsearch API",
                "from_port": -1,
                "id": "enpode68djm4gobd75vh",
                "labels": {},
                "port": 9200,
                "predefined_target": "",
                "protocol": "TCP",
                "security_group_id": "enpu0ep8urqmduieohqo",
                "to_port": -1,
                "v4_cidr_blocks": [],
                "v6_cidr_blocks": []
              },
              {
                "description": "SSH from bastion",
                "from_port": -1,
                "id": "enpndmjbl9gpkn6ruf8n",
                "labels": {},
                "port": 22,
                "predefined_target": "",
                "protocol": "TCP",
                "security_group_id": "enpjq7e5t8u489f0v1dm",
                "to_port": -1,
                "v4_cidr_blocks": [],
                "v6_cidr_blocks": []
              }
            ],
            "labels": {},
            "name": "sg-elasticsearch",
            "network_id": "enpoll9ot8pjhpiqsqpf",
            "status": "ACTIVE",
            "timeouts": null
          },
          "sensitive_attributes": [],
          "identity_schema_version": 0,
          "private": "eyJlMmJmYjczMC1lY2FhLTExZTYtOGY4OC0zNDM2M2JjN2M0YzAiOnsiY3JlYXRlIjoxODAwMDAwMDAwMDAsImRlbGV0ZSI6MTgwMDAwMDAwMDAwLCJ1cGRhdGUiOjE4MDAwMDAwMDAwMH19",
          "dependencies": [
            "yandex_vpc_network.vpc",
            "yandex_vpc_security_group.sg_alb",
            "yandex_vpc_security_group.sg_bastion",
            "yandex_vpc_security_group.sg_kibana",
            "yandex_vpc_security_group.sg_web",
            "yandex_vpc_security_group.sg_zabbix"
          ]
        }
      ]
    },
    {
      "mode": "managed",
      "type": "yandex_vpc_security_group",
      "name": "sg_kibana",
      "provider": "provider[\"registry.terraform.io/yandex-cloud/yandex\"]",
      "instances": [
        {
          "schema_version": 0,
          "attributes": {
            "created_at": "2026-05-15T18:24:41Z",
            "description": "",
            "egress": [
              {
                "description": "",
                "from_port": 0,
                "id": "enphvbpv6jc589d32cod",
                "labels": {},
                "port": -1,
                "predefined_target": "",
                "protocol": "ANY",
                "security_group_id": "",
                "to_port": 65535,
                "v4_cidr_blocks": [
                  "0.0.0.0/0"
                ],
                "v6_cidr_blocks": []
              }
            ],
            "folder_id": "b1gqrqjb1ra1tjpcesuf",
            "id": "enpu0ep8urqmduieohqo",
            "ingress": [
              {
                "description": "Kibana UI",
                "from_port": -1,
                "id": "enpm232rf0a4228n7h0a",
                "labels": {},
                "port": 5601,
                "predefined_target": "",
                "protocol": "TCP",
                "security_group_id": "",
                "to_port": -1,
                "v4_cidr_blocks": [
                  "0.0.0.0/0"
                ],
                "v6_cidr_blocks": []
              },
              {
                "description": "SSH from bastion",
                "from_port": -1,
                "id": "enpl1ldfrpu8rtgiii2h",
                "labels": {},
                "port": 22,
                "predefined_target": "",
                "protocol": "TCP",
                "security_group_id": "enpjq7e5t8u489f0v1dm",
                "to_port": -1,
                "v4_cidr_blocks": [],
                "v6_cidr_blocks": []
              }
            ],
            "labels": {},
            "name": "sg-kibana",
            "network_id": "enpoll9ot8pjhpiqsqpf",
            "status": "ACTIVE",
            "timeouts": null
          },
          "sensitive_attributes": [],
          "identity_schema_version": 0,
          "private": "eyJlMmJmYjczMC1lY2FhLTExZTYtOGY4OC0zNDM2M2JjN2M0YzAiOnsiY3JlYXRlIjoxODAwMDAwMDAwMDAsImRlbGV0ZSI6MTgwMDAwMDAwMDAwLCJ1cGRhdGUiOjE4MDAwMDAwMDAwMH19",
          "dependencies": [
            "yandex_vpc_network.vpc",
            "yandex_vpc_security_group.sg_bastion"
          ]
        }
      ]
    },
    {
      "mode": "managed",
      "type": "yandex_vpc_security_group",
      "name": "sg_web",
      "provider": "provider[\"registry.terraform.io/yandex-cloud/yandex\"]",
      "instances": [
        {
          "schema_version": 0,
          "attributes": {
            "created_at": "2026-05-15T18:25:03Z",
            "description": "",
            "egress": [
              {
                "description": "",
                "from_port": 0,
                "id": "enp5ka6ic5ds0bdg15ls",
                "labels": {},
                "port": -1,
                "predefined_target": "",
                "protocol": "ANY",
                "security_group_id": "",
                "to_port": 65535,
                "v4_cidr_blocks": [
                  "0.0.0.0/0"
                ],
                "v6_cidr_blocks": []
              }
            ],
            "folder_id": "b1gqrqjb1ra1tjpcesuf",
            "id": "enpj106ss0mb0so3tosq",
            "ingress": [
              {
                "description": "HTTP from ALB",
                "from_port": -1,
                "id": "enpetkarcer5t8me9vg6",
                "labels": {},
                "port": 80,
                "predefined_target": "",
                "protocol": "TCP",
                "security_group_id": "enpaq88794of4o8bib6v",
                "to_port": -1,
                "v4_cidr_blocks": [],
                "v6_cidr_blocks": []
              },
              {
                "description": "SSH from bastion",
                "from_port": -1,
                "id": "enp7ajeoree6asngtji1",
                "labels": {},
                "port": 22,
                "predefined_target": "",
                "protocol": "TCP",
                "security_group_id": "enpjq7e5t8u489f0v1dm",
                "to_port": -1,
                "v4_cidr_blocks": [],
                "v6_cidr_blocks": []
              },
              {
                "description": "SSH from zabbix",
                "from_port": -1,
                "id": "enp5me13qdr63p4fqtc5",
                "labels": {},
                "port": 10050,
                "predefined_target": "",
                "protocol": "TCP",
                "security_group_id": "enpuu5g7nnkdls4vs1ue",
                "to_port": -1,
                "v4_cidr_blocks": [],
                "v6_cidr_blocks": []
              },
              {
                "description": "SSH from zabbix",
                "from_port": -1,
                "id": "enpvrrsdg5dp1rg0drla",
                "labels": {},
                "port": 10051,
                "predefined_target": "",
                "protocol": "TCP",
                "security_group_id": "enpuu5g7nnkdls4vs1ue",
                "to_port": -1,
                "v4_cidr_blocks": [],
                "v6_cidr_blocks": []
              }
            ],
            "labels": {},
            "name": "sg-web",
            "network_id": "enpoll9ot8pjhpiqsqpf",
            "status": "ACTIVE",
            "timeouts": null
          },
          "sensitive_attributes": [],
          "identity_schema_version": 0,
          "private": "eyJlMmJmYjczMC1lY2FhLTExZTYtOGY4OC0zNDM2M2JjN2M0YzAiOnsiY3JlYXRlIjoxODAwMDAwMDAwMDAsImRlbGV0ZSI6MTgwMDAwMDAwMDAwLCJ1cGRhdGUiOjE4MDAwMDAwMDAwMH19",
          "dependencies": [
            "yandex_vpc_network.vpc",
            "yandex_vpc_security_group.sg_alb",
            "yandex_vpc_security_group.sg_bastion",
            "yandex_vpc_security_group.sg_zabbix"
          ]
        }
      ]
    },
    {
      "mode": "managed",
      "type": "yandex_vpc_security_group",
      "name": "sg_zabbix",
      "provider": "provider[\"registry.terraform.io/yandex-cloud/yandex\"]",
      "instances": [
        {
          "schema_version": 0,
          "attributes": {
            "created_at": "2026-05-15T18:25:00Z",
            "description": "",
            "egress": [
              {
                "description": "",
                "from_port": 0,
                "id": "enpls771638k5g6eabv0",
                "labels": {},
                "port": -1,
                "predefined_target": "",
                "protocol": "ANY",
                "security_group_id": "",
                "to_port": 65535,
                "v4_cidr_blocks": [
                  "0.0.0.0/0"
                ],
                "v6_cidr_blocks": []
              }
            ],
            "folder_id": "b1gqrqjb1ra1tjpcesuf",
            "id": "enpuu5g7nnkdls4vs1ue",
            "ingress": [
              {
                "description": "SSH from bastion",
                "from_port": -1,
                "id": "enp7gpb39nh07svpmcok",
                "labels": {},
                "port": 22,
                "predefined_target": "",
                "protocol": "TCP",
                "security_group_id": "enpjq7e5t8u489f0v1dm",
                "to_port": -1,
                "v4_cidr_blocks": [],
                "v6_cidr_blocks": []
              },
              {
                "description": "Zabbix agent (active checks)",
                "from_port": -1,
                "id": "enp1v3qb635i18j459g9",
                "labels": {},
                "port": 10051,
                "predefined_target": "",
                "protocol": "TCP",
                "security_group_id": "",
                "to_port": -1,
                "v4_cidr_blocks": [
                  "192.168.0.0/16"
                ],
                "v6_cidr_blocks": []
              },
              {
                "description": "Zabbix web",
                "from_port": -1,
                "id": "enpb87t4msv0sl8nmf7j",
                "labels": {},
                "port": 80,
                "predefined_target": "",
                "protocol": "TCP",
                "security_group_id": "",
                "to_port": -1,
                "v4_cidr_blocks": [
                  "0.0.0.0/0"
                ],
                "v6_cidr_blocks": []
              }
            ],
            "labels": {},
            "name": "sg-zabbix",
            "network_id": "enpoll9ot8pjhpiqsqpf",
            "status": "ACTIVE",
            "timeouts": null
          },
          "sensitive_attributes": [],
          "identity_schema_version": 0,
          "private": "eyJlMmJmYjczMC1lY2FhLTExZTYtOGY4OC0zNDM2M2JjN2M0YzAiOnsiY3JlYXRlIjoxODAwMDAwMDAwMDAsImRlbGV0ZSI6MTgwMDAwMDAwMDAwLCJ1cGRhdGUiOjE4MDAwMDAwMDAwMH19",
          "dependencies": [
            "yandex_vpc_network.vpc",
            "yandex_vpc_security_group.sg_bastion"
          ]
        }
      ]
    },
    {
      "mode": "managed",
      "type": "yandex_vpc_subnet",
      "name": "private_subnet_a",
      "provider": "provider[\"registry.terraform.io/yandex-cloud/yandex\"]",
      "instances": [
        {
          "schema_version": 0,
          "attributes": {
            "created_at": "2026-05-15T18:24:37Z",
            "description": "",
            "dhcp_options": [],
            "folder_id": "b1gqrqjb1ra1tjpcesuf",
            "id": "e9b87p6lrmr6mmtjjqvo",
            "labels": {},
            "name": "private-subnet-a",
            "network_id": "enpoll9ot8pjhpiqsqpf",
            "route_table_id": "enpi0vbsobeo6e04ua30",
            "timeouts": null,
            "v4_cidr_blocks": [
              "192.168.20.0/24"
            ],
            "v6_cidr_blocks": [],
            "zone": "ru-central1-a"
          },
          "sensitive_attributes": [],
          "identity_schema_version": 0,
          "private": "eyJlMmJmYjczMC1lY2FhLTExZTYtOGY4OC0zNDM2M2JjN2M0YzAiOnsiY3JlYXRlIjoxODAwMDAwMDAwMDAsImRlbGV0ZSI6MTgwMDAwMDAwMDAwLCJ1cGRhdGUiOjE4MDAwMDAwMDAwMH19",
          "dependencies": [
            "yandex_vpc_gateway.nat_gateway",
            "yandex_vpc_network.vpc",
            "yandex_vpc_route_table.private_rt"
          ]
        }
      ]
    },
    {
      "mode": "managed",
      "type": "yandex_vpc_subnet",
      "name": "private_subnet_b",
      "provider": "provider[\"registry.terraform.io/yandex-cloud/yandex\"]",
      "instances": [
        {
          "schema_version": 0,
          "attributes": {
            "created_at": "2026-05-15T18:24:38Z",
            "description": "",
            "dhcp_options": [],
            "folder_id": "b1gqrqjb1ra1tjpcesuf",
            "id": "e2lcf1dj93jebb6p7c4u",
            "labels": {},
            "name": "private-subnet-b",
            "network_id": "enpoll9ot8pjhpiqsqpf",
            "route_table_id": "enpi0vbsobeo6e04ua30",
            "timeouts": null,
            "v4_cidr_blocks": [
              "192.168.21.0/24"
            ],
            "v6_cidr_blocks": [],
            "zone": "ru-central1-b"
          },
          "sensitive_attributes": [],
          "identity_schema_version": 0,
          "private": "eyJlMmJmYjczMC1lY2FhLTExZTYtOGY4OC0zNDM2M2JjN2M0YzAiOnsiY3JlYXRlIjoxODAwMDAwMDAwMDAsImRlbGV0ZSI6MTgwMDAwMDAwMDAwLCJ1cGRhdGUiOjE4MDAwMDAwMDAwMH19",
          "dependencies": [
            "yandex_vpc_gateway.nat_gateway",
            "yandex_vpc_network.vpc",
            "yandex_vpc_route_table.private_rt"
          ]
        }
      ]
    },
    {
      "mode": "managed",
      "type": "yandex_vpc_subnet",
      "name": "public_subnet_a",
      "provider": "provider[\"registry.terraform.io/yandex-cloud/yandex\"]",
      "instances": [
        {
          "schema_version": 0,
          "attributes": {
            "created_at": "2026-05-15T18:24:35Z",
            "description": "",
            "dhcp_options": [],
            "folder_id": "b1gqrqjb1ra1tjpcesuf",
            "id": "e9bm19sejqf7348j4dlq",
            "labels": {},
            "name": "public-subnet-a",
            "network_id": "enpoll9ot8pjhpiqsqpf",
            "route_table_id": "",
            "timeouts": null,
            "v4_cidr_blocks": [
              "192.168.10.0/24"
            ],
            "v6_cidr_blocks": [],
            "zone": "ru-central1-a"
          },
          "sensitive_attributes": [],
          "identity_schema_version": 0,
          "private": "eyJlMmJmYjczMC1lY2FhLTExZTYtOGY4OC0zNDM2M2JjN2M0YzAiOnsiY3JlYXRlIjoxODAwMDAwMDAwMDAsImRlbGV0ZSI6MTgwMDAwMDAwMDAwLCJ1cGRhdGUiOjE4MDAwMDAwMDAwMH19",
          "dependencies": [
            "yandex_vpc_network.vpc"
          ]
        }
      ]
    },
    {
      "mode": "managed",
      "type": "yandex_vpc_subnet",
      "name": "public_subnet_b",
      "provider": "provider[\"registry.terraform.io/yandex-cloud/yandex\"]",
      "instances": [
        {
          "schema_version": 0,
          "attributes": {
            "created_at": "2026-05-15T18:24:35Z",
            "description": "",
            "dhcp_options": [],
            "folder_id": "b1gqrqjb1ra1tjpcesuf",
            "id": "e2l8us4m753kj84sln7t",
            "labels": {},
            "name": "public-subnet-b",
            "network_id": "enpoll9ot8pjhpiqsqpf",
            "route_table_id": "",
            "timeouts": null,
            "v4_cidr_blocks": [
              "192.168.11.0/24"
            ],
            "v6_cidr_blocks": [],
            "zone": "ru-central1-b"
          },
          "sensitive_attributes": [],
          "identity_schema_version": 0,
          "private": "eyJlMmJmYjczMC1lY2FhLTExZTYtOGY4OC0zNDM2M2JjN2M0YzAiOnsiY3JlYXRlIjoxODAwMDAwMDAwMDAsImRlbGV0ZSI6MTgwMDAwMDAwMDAwLCJ1cGRhdGUiOjE4MDAwMDAwMDAwMH19",
          "dependencies": [
            "yandex_vpc_network.vpc"
          ]
        }
      ]
    }
  ],
  "check_results": null
}
